
Microsoft Visual Studio Solution File, Format Version 12.00
# Visual Studio Version 17
VisualStudioVersion = 17.2.32616.157
MinimumVisualStudioVersion = 10.0.40219.1
Project("{FAE04EC0-301F-11D3-BF4B-00C04F79EFBC}") = "InheritanceZooManager2022", "InheritanceZooManager2022.csproj", "{007226DE-682D-428F-977C-5821C231765D}"
EndProject
Global
	GlobalSection(SolutionConfigurationPlatforms) = preSolution
		Debug|Any CPU = Debug|Any CPU
		Release|Any CPU = Release|Any CPU
	EndGlobalSection
	GlobalSection(ProjectConfigurationPlatforms) = postSolution
		{007226DE-682D-428F-977C-5821C231765D}.Debug|Any CPU.ActiveCfg = Debug|Any CPU
		{007226DE-682D-428F-977C-5821C231765D}.Debug|Any CPU.Build.0 = Debug|Any CPU
		{007226DE-682D-428F-977C-5821C231765D}.Release|Any CPU.ActiveCfg = Release|Any CPU
		{007226DE-682D-428F-977C-5821C231765D}.Release|Any CPU.Build.0 = Release|Any CPU
	EndGlobalSection
	GlobalSection(SolutionProperties) = preSolution
		HideSolutionNode = FALSE
	EndGlobalSection
	GlobalSection(ExtensibilityGlobals) = postSolution
		SolutionGuid = {0AE6B3CB-83E1-4831-B8E6-9CF74067647A}
	EndGlobalSection
EndGlobal
